<?xml version="1.0" encoding="utf-8"?>
<Project ToolsVersion="4.0" xmlns="http://schemas.microsoft.com/developer/msbuild/2003">
  <ItemGroup>
    <Filter Include="Source Files">
      <UniqueIdentifier>{c217d591-5305-4d10-9717-f302aad450c3}</UniqueIdentifier>
      <Extensions>cpp;c;cxx;rc;def;r;odl;idl;hpj;bat</Extensions>
    </Filter>
    <Filter Include="Header Files">
      <UniqueIdentifier>{86cd6ced-7e54-4a6f-911c-5eae55b33498}</UniqueIdentifier>
      <Extensions>h;hpp;hxx;hm;inl</Extensions>
    </Filter>
    <Filter Include="Resource Files">
      <UniqueIdentifier>{a766107f-8a10-401e-867e-c9df02813d03}</UniqueIdentifier>
      <Extensions>ico;cur;bmp;dlg;rc2;rct;bin;rgs;gif;jpg;jpeg;jpe</Extensions>
    </Filter>
  </ItemGroup>
  <ItemGroup>
    <ClCompile Include="BaseGameEntity.cpp">
      <Filter>Source Files</Filter>
    </ClCompile>
    <ClCompile Include="EntityManager.cpp">
      <Filter>Source Files</Filter>
    </ClCompile>
    <ClCompile Include="main.cpp">
      <Filter>Source Files</Filter>
    </ClCompile>
    <ClCompile Include="MessageDispatcher.cpp">
      <Filter>Source Files</Filter>
    </ClCompile>
    <ClCompile Include="Miner.cpp">
      <Filter>Source Files</Filter>
    </ClCompile>
    <ClCompile Include="MinerOwnedStates.cpp">
      <Filter>Source Files</Filter>
    </ClCompile>
    <ClCompile Include="MinersWife.cpp">
      <Filter>Source Files</Filter>
    </ClCompile>
    <ClCompile Include="MinersWifeOwnedStates.cpp">
      <Filter>Source Files</Filter>
    </ClCompile>
    <ClCompile Include="CrudeTimer.cpp">
      <Filter>Source Files</Filter>
    </ClCompile>
  </ItemGroup>
  <ItemGroup>
    <ClInclude Include="BaseGameEntity.h">
      <Filter>Header Files</Filter>
    </ClInclude>
    <ClInclude Include="EntityManager.h">
      <Filter>Header Files</Filter>
    </ClInclude>
    <ClInclude Include="EntityNames.h">
      <Filter>Header Files</Filter>
    </ClInclude>
    <ClInclude Include="Locations.h">
      <Filter>Header Files</Filter>
    </ClInclude>
    <ClInclude Include="MessageDispatcher.h">
      <Filter>Header Files</Filter>
    </ClInclude>
    <ClInclude Include="MessageTypes.h">
      <Filter>Header Files</Filter>
    </ClInclude>
    <ClInclude Include="Miner.h">
      <Filter>Header Files</Filter>
    </ClInclude>
    <ClInclude Include="MinerOwnedStates.h">
      <Filter>Header Files</Filter>
    </ClInclude>
    <ClInclude Include="MinersWife.h">
      <Filter>Header Files</Filter>
    </ClInclude>
    <ClInclude Include="MinersWifeOwnedStates.h">
      <Filter>Header Files</Filter>
    </ClInclude>
    <ClInclude Include="..\..\Common\FSM\State.h">
      <Filter>Header Files</Filter>
    </ClInclude>
    <ClInclude Include="..\..\Common\FSM\StateMachine.h">
      <Filter>Header Files</Filter>
    </ClInclude>
    <ClInclude Include="..\..\Common\Messaging\Telegram.h">
      <Filter>Header Files</Filter>
    </ClInclude>
    <ClInclude Include="..\..\Repo%27s\IAGame\CrudeTimer.h">
      <Filter>Header Files</Filter>
    </ClInclude>
    <ClInclude Include="..\..\Repo%27s\IAGame\ConsoleUtils.h">
      <Filter>Header Files</Filter>
    </ClInclude>
  </ItemGroup>
</Project>